<?xml version="1.0" encoding="utf-8"?>
<Project ToolsVersion="4.0" xmlns="http://schemas.microsoft.com/developer/msbuild/2003">
  <ItemGroup>
    <Filter Include="资源文件">
      <UniqueIdentifier>{67DA6AB6-F800-4c08-8B7A-83BB121AAD01}</UniqueIdentifier>
      <Extensions>rc;ico;cur;bmp;dlg;rc2;rct;bin;rgs;gif;jpg;jpeg;jpe;resx;tiff;tif;png;wav;mfcribbon-ms</Extensions>
    </Filter>
    <Filter Include="Math">
      <UniqueIdentifier>{210fd7d5-bae5-4e77-bded-03f593c37bfe}</UniqueIdentifier>
    </Filter>
    <Filter Include="Reflect">
      <UniqueIdentifier>{ef543877-c154-40db-97e9-4848e8670b01}</UniqueIdentifier>
    </Filter>
    <Filter Include="Core">
      <UniqueIdentifier>{5ebad02d-a463-419e-8d4f-7e7a6b402f94}</UniqueIdentifier>
    </Filter>
    <Filter Include="ThridParty">
      <UniqueIdentifier>{c024cbf8-677b-47e6-bc76-4c580c456dad}</UniqueIdentifier>
    </Filter>
    <Filter Include="ThridParty\stb_image">
      <UniqueIdentifier>{07d6ff23-cbf9-40c6-b5f1-b5a37df6de46}</UniqueIdentifier>
    </Filter>
    <Filter Include="ThridParty\tinyobj">
      <UniqueIdentifier>{5d4a7b68-e502-4b30-b466-abbe173ee9f1}</UniqueIdentifier>
    </Filter>
    <Filter Include="Audio">
      <UniqueIdentifier>{c335b060-53c2-469a-9e2f-4ec5b790bde6}</UniqueIdentifier>
    </Filter>
    <Filter Include="ThridParty\assimp">
      <UniqueIdentifier>{cfda2271-71c5-47f1-8f6f-b8e988a045bf}</UniqueIdentifier>
    </Filter>
  </ItemGroup>
  <ItemGroup>
    <ClCompile Include="Color.cpp">
      <Filter>Math</Filter>
    </ClCompile>
    <ClCompile Include="Matrix.cpp">
      <Filter>Math</Filter>
    </ClCompile>
    <ClCompile Include="Vector.cpp">
      <Filter>Math</Filter>
    </ClCompile>
    <ClCompile Include="PipelineStateObject.cpp">
      <Filter>Core</Filter>
    </ClCompile>
    <ClCompile Include="RootSignature.cpp">
      <Filter>Core</Filter>
    </ClCompile>
    <ClCompile Include="graphic.cpp">
      <Filter>Core</Filter>
    </ClCompile>
    <ClCompile Include="Shader.cpp">
      <Filter>Core</Filter>
    </ClCompile>
    <ClCompile Include="CopyBatch.cpp">
      <Filter>Core</Filter>
    </ClCompile>
    <ClCompile Include="GeometryGenerator.cpp">
      <Filter>Core</Filter>
    </ClCompile>
    <ClCompile Include="Texture.cpp">
      <Filter>Core</Filter>
    </ClCompile>
    <ClCompile Include="TextureManager.cpp">
      <Filter>Core</Filter>
    </ClCompile>
    <ClCompile Include="DescriptorAllocator.cpp">
      <Filter>Core</Filter>
    </ClCompile>
    <ClCompile Include="SpriteRenderPass.cpp">
      <Filter>Core</Filter>
    </ClCompile>
    <ClCompile Include="PhongRenderPass.cpp">
      <Filter>Core</Filter>
    </ClCompile>
    <ClCompile Include="DebugRenderPass.cpp">
      <Filter>Core</Filter>
    </ClCompile>
    <ClCompile Include="tinyobjloader.cpp">
      <Filter>ThridParty\tinyobj</Filter>
    </ClCompile>
    <ClCompile Include="ModelManager.cpp">
      <Filter>Core</Filter>
    </ClCompile>
    <ClCompile Include="RenderObject.cpp">
      <Filter>Core</Filter>
    </ClCompile>
    <ClCompile Include="ComputeCommand.cpp">
      <Filter>Core</Filter>
    </ClCompile>
    <ClCompile Include="LightManager.cpp">
      <Filter>Core</Filter>
    </ClCompile>
    <ClCompile Include="SkyboxRenderPass.cpp">
      <Filter>Core</Filter>
    </ClCompile>
    <ClCompile Include="PostProcessRenderPass.cpp">
      <Filter>Core</Filter>
    </ClCompile>
    <ClCompile Include="DeferredRenderPass.cpp">
      <Filter>Core</Filter>
    </ClCompile>
    <ClCompile Include="GenerateMipmapBatch.cpp">
      <Filter>Core</Filter>
    </ClCompile>
    <ClCompile Include="TransitionBatch.cpp">
      <Filter>Core</Filter>
    </ClCompile>
    <ClCompile Include="GraphicUtil.cpp">
      <Filter>Core</Filter>
    </ClCompile>
    <ClCompile Include="AudioClip.cpp">
      <Filter>Audio</Filter>
    </ClCompile>
    <ClCompile Include="AudioClipManager.cpp">
      <Filter>Audio</Filter>
    </ClCompile>
    <ClCompile Include="stb_image.cpp">
      <Filter>ThridParty\stb_image</Filter>
    </ClCompile>
    <ClCompile Include="assimp_model_loader.cpp">
      <Filter>ThridParty\assimp</Filter>
    </ClCompile>
    <ClCompile Include="stb_image_write.cpp">
      <Filter>ThridParty\stb_image</Filter>
    </ClCompile>
  </ItemGroup>
  <ItemGroup>
    <ClInclude Include="Color.h">
      <Filter>Math</Filter>
    </ClInclude>
    <ClInclude Include="Math.h">
      <Filter>Math</Filter>
    </ClInclude>
    <ClInclude Include="MathFunctions.h">
      <Filter>Math</Filter>
    </ClInclude>
    <ClInclude Include="Matrix.h">
      <Filter>Math</Filter>
    </ClInclude>
    <ClInclude Include="Vector.h">
      <Filter>Math</Filter>
    </ClInclude>
    <ClInclude Include="Reflect_Registry.h">
      <Filter>Reflect</Filter>
    </ClInclude>
    <ClInclude Include="d3d12x.h">
      <Filter>Core</Filter>
    </ClInclude>
    <ClInclude Include="PipelineStateObject.h">
      <Filter>Core</Filter>
    </ClInclude>
    <ClInclude Include="RootSignature.h">
      <Filter>Core</Filter>
    </ClInclude>
    <ClInclude Include="graphic.h">
      <Filter>Core</Filter>
    </ClInclude>
    <ClInclude Include="TextureManager.h">
      <Filter>Core</Filter>
    </ClInclude>
    <ClInclude Include="Texture.h">
      <Filter>Core</Filter>
    </ClInclude>
    <ClInclude Include="Model.h">
      <Filter>Core</Filter>
    </ClInclude>
    <ClInclude Include="ModelManager.h">
      <Filter>Core</Filter>
    </ClInclude>
    <ClInclude Include="d3dcommon.h">
      <Filter>Core</Filter>
    </ClInclude>
    <ClInclude Include="Shader.h">
      <Filter>Core</Filter>
    </ClInclude>
    <ClInclude Include="Mesh.h">
      <Filter>Core</Filter>
    </ClInclude>
    <ClInclude Include="Camera.h">
      <Filter>Core</Filter>
    </ClInclude>
    <ClInclude Include="CopyBatch.h">
      <Filter>Core</Filter>
    </ClInclude>
    <ClInclude Include="GeometryGenerator.h">
      <Filter>Core</Filter>
    </ClInclude>
    <ClInclude Include="ConstantBuffer.h">
      <Filter>Core</Filter>
    </ClInclude>
    <ClInclude Include="DescriptorAllocator.h">
      <Filter>Core</Filter>
    </ClInclude>
    <ClInclude Include="RenderPass.h">
      <Filter>Core</Filter>
    </ClInclude>
    <ClInclude Include="SpriteRenderPass.h">
      <Filter>Core</Filter>
    </ClInclude>
    <ClInclude Include="PhongRenderPass.h">
      <Filter>Core</Filter>
    </ClInclude>
    <ClInclude Include="ShaderDataStruct.h">
      <Filter>Core</Filter>
    </ClInclude>
    <ClInclude Include="DeferredRenderPass.h">
      <Filter>Core</Filter>
    </ClInclude>
    <ClInclude Include="DebugRenderPass.h">
      <Filter>Core</Filter>
    </ClInclude>
    <ClInclude Include="tinyobjloader.h">
      <Filter>ThridParty\tinyobj</Filter>
    </ClInclude>
    <ClInclude Include="RenderObject.h">
      <Filter>Core</Filter>
    </ClInclude>
    <ClInclude Include="Complex.h">
      <Filter>Math</Filter>
    </ClInclude>
    <ClInclude Include="LightManager.h">
      <Filter>Core</Filter>
    </ClInclude>
    <ClInclude Include="ComputeCommand.h">
      <Filter>Core</Filter>
    </ClInclude>
    <ClInclude Include="SkyboxRenderPass.h">
      <Filter>Core</Filter>
    </ClInclude>
    <ClInclude Include="PostProcessRenderPass.h">
      <Filter>Core</Filter>
    </ClInclude>
    <ClInclude Include="GenerateMipmapBatch.h">
      <Filter>Core</Filter>
    </ClInclude>
    <ClInclude Include="GraphicUtil.h">
      <Filter>Core</Filter>
    </ClInclude>
    <ClInclude Include="TransitionBatch.h">
      <Filter>Core</Filter>
    </ClInclude>
    <ClInclude Include="AudioClip.h">
      <Filter>Audio</Filter>
    </ClInclude>
    <ClInclude Include="AudioClipManager.h">
      <Filter>Audio</Filter>
    </ClInclude>
    <ClInclude Include="irrKCommon.hpp">
      <Filter>Audio</Filter>
    </ClInclude>
    <ClInclude Include="stb_image.h">
      <Filter>ThridParty\stb_image</Filter>
    </ClInclude>
    <ClInclude Include="stb_image_write.h">
      <Filter>ThridParty\stb_image</Filter>
    </ClInclude>
  </ItemGroup>
</Project>