<?xml version="1.0" encoding="utf-8"?>
<Project ToolsVersion="4.0" xmlns="http://schemas.microsoft.com/developer/msbuild/2003">
  <ItemGroup>
    <Filter Include="源文件">
      <UniqueIdentifier>{4FC737F1-C7A5-4376-A066-2A32D752A2FF}</UniqueIdentifier>
      <Extensions>cpp;c;cc;cxx;def;odl;idl;hpj;bat;asm;asmx</Extensions>
    </Filter>
    <Filter Include="资源文件">
      <UniqueIdentifier>{67DA6AB6-F800-4c08-8B7A-83BB121AAD01}</UniqueIdentifier>
      <Extensions>rc;ico;cur;bmp;dlg;rc2;rct;bin;rgs;gif;jpg;jpeg;jpe;resx;tiff;tif;png;wav;mfcribbon-ms</Extensions>
    </Filter>
    <Filter Include="tests">
      <UniqueIdentifier>{dda39bd3-3a78-44fc-8884-f8937a611520}</UniqueIdentifier>
    </Filter>
    <Filter Include="linux">
      <UniqueIdentifier>{6704010e-d7d5-4fe0-8eb3-6ac4e3332cb0}</UniqueIdentifier>
    </Filter>
  </ItemGroup>
  <ItemGroup>
    <ClInclude Include="framework.h">
      <Filter>源文件</Filter>
    </ClInclude>
    <ClInclude Include="logl.h">
      <Filter>源文件</Filter>
    </ClInclude>
    <ClInclude Include="Resource.h">
      <Filter>源文件</Filter>
    </ClInclude>
    <ClInclude Include="targetver.h">
      <Filter>源文件</Filter>
    </ClInclude>
    <ClInclude Include="Application.h">
      <Filter>源文件</Filter>
    </ClInclude>
    <ClInclude Include="InputBuffer.h">
      <Filter>源文件</Filter>
    </ClInclude>
    <ClInclude Include="Timer.h">
      <Filter>源文件</Filter>
    </ClInclude>
    <ClInclude Include="FPSCamera.h">
      <Filter>源文件</Filter>
    </ClInclude>
    <ClInclude Include="Config.h">
      <Filter>源文件</Filter>
    </ClInclude>
    <ClInclude Include="Bullet.h">
      <Filter>linux</Filter>
    </ClInclude>
    <ClInclude Include="FFTWave.h">
      <Filter>linux</Filter>
    </ClInclude>
    <ClInclude Include="Player.h">
      <Filter>linux</Filter>
    </ClInclude>
    <ClInclude Include="RandomGenerator.h">
      <Filter>linux</Filter>
    </ClInclude>
  </ItemGroup>
  <ItemGroup>
    <ClCompile Include="logl.cpp">
      <Filter>源文件</Filter>
    </ClCompile>
    <ClCompile Include="Application.cpp">
      <Filter>源文件</Filter>
    </ClCompile>
    <ClCompile Include="InputBuffer.cpp">
      <Filter>源文件</Filter>
    </ClCompile>
    <ClCompile Include="Timer.cpp">
      <Filter>源文件</Filter>
    </ClCompile>
    <ClCompile Include="FPSCamera.cpp">
      <Filter>源文件</Filter>
    </ClCompile>
    <ClCompile Include="Bullet.cpp">
      <Filter>linux</Filter>
    </ClCompile>
    <ClCompile Include="FFTWave.cpp">
      <Filter>linux</Filter>
    </ClCompile>
    <ClCompile Include="Player.cpp">
      <Filter>linux</Filter>
    </ClCompile>
  </ItemGroup>
  <ItemGroup>
    <ResourceCompile Include="logl.rc">
      <Filter>资源文件</Filter>
    </ResourceCompile>
  </ItemGroup>
  <ItemGroup>
    <Image Include="small.ico">
      <Filter>资源文件</Filter>
    </Image>
    <Image Include="logl.ico">
      <Filter>资源文件</Filter>
    </Image>
  </ItemGroup>
</Project>